
Microsoft Visual Studio Solution File, Format Version 12.00
# Visual Studio 15
VisualStudioVersion = 15.0.27428.2005
MinimumVisualStudioVersion = 10.0.40219.1
Project("{FAE04EC0-301F-11D3-BF4B-00C04F79EFBC}") = "TestMetlink", "TestMetlink\TestMetlink.csproj", "{120E4C59-2B8D-40BA-9A45-98DC4C919F72}"
EndProject
Project("{FAE04EC0-301F-11D3-BF4B-00C04F79EFBC}") = "TestMetlink.Test", "TestMetlink.Test\TestMetlink.Test.csproj", "{15C5BCBC-9047-4F99-ADA7-6B97304C3216}"
EndProject
Global
	GlobalSection(SolutionConfigurationPlatforms) = preSolution
		Debug|Any CPU = Debug|Any CPU
		Release|Any CPU = Release|Any CPU
	EndGlobalSection
	GlobalSection(ProjectConfigurationPlatforms) = postSolution
		{120E4C59-2B8D-40BA-9A45-98DC4C919F72}.Debug|Any CPU.ActiveCfg = Debug|Any CPU
		{120E4C59-2B8D-40BA-9A45-98DC4C919F72}.Debug|Any CPU.Build.0 = Debug|Any CPU
		{120E4C59-2B8D-40BA-9A45-98DC4C919F72}.Release|Any CPU.ActiveCfg = Release|Any CPU
		{120E4C59-2B8D-40BA-9A45-98DC4C919F72}.Release|Any CPU.Build.0 = Release|Any CPU
		{15C5BCBC-9047-4F99-ADA7-6B97304C3216}.Debug|Any CPU.ActiveCfg = Debug|Any CPU
		{15C5BCBC-9047-4F99-ADA7-6B97304C3216}.Debug|Any CPU.Build.0 = Debug|Any CPU
		{15C5BCBC-9047-4F99-ADA7-6B97304C3216}.Release|Any CPU.ActiveCfg = Release|Any CPU
		{15C5BCBC-9047-4F99-ADA7-6B97304C3216}.Release|Any CPU.Build.0 = Release|Any CPU
	EndGlobalSection
	GlobalSection(SolutionProperties) = preSolution
		HideSolutionNode = FALSE
	EndGlobalSection
	GlobalSection(ExtensibilityGlobals) = postSolution
		SolutionGuid = {01998453-D653-4E13-8295-A34CC2DB41F1}
	EndGlobalSection
EndGlobal
